{
  "name": "orangebot",
  "version": "1.0.0",
  "lockfileVersion": 1,
  "requires": true,
  "dependencies": {
    "JSONStream": {
      "version": "https://registry.npmjs.org/JSONStream/-/JSONStream-1.0.7.tgz",
      "integrity": "sha1-cAyORxH+8c5CH2UL6tVSNbsh194=",
      "requires": {
        "jsonparse": "https://registry.npmjs.org/jsonparse/-/jsonparse-1.3.1.tgz",
        "through": "https://registry.npmjs.org/through/-/through-2.3.8.tgz"
      }
    },
    "ajv": {
      "version": "https://registry.npmjs.org/ajv/-/ajv-4.11.8.tgz",
      "integrity": "sha1-gv+wKynmYq5TvcIK8VlHcGc5xTY=",
      "requires": {
        "co": "https://registry.npmjs.org/co/-/co-4.6.0.tgz",
        "json-stable-stringify": "https://registry.npmjs.org/json-stable-stringify/-/json-stable-stringify-1.0.1.tgz"
      }
    },
    "array-like-slice-x": {
      "version": "https://registry.npmjs.org/array-like-slice-x/-/array-like-slice-x-1.1.0.tgz",
      "integrity": "sha1-3FhjaszdCyKiZTCfTnOJDAyy904=",
      "requires": {
        "split-if-boxed-bug-x": "https://registry.npmjs.org/split-if-boxed-bug-x/-/split-if-boxed-bug-x-1.0.0.tgz",
        "to-integer-x": "https://registry.npmjs.org/to-integer-x/-/to-integer-x-2.1.0.tgz",
        "to-length-x": "https://registry.npmjs.org/to-length-x/-/to-length-x-2.1.0.tgz",
        "to-object-x": "https://registry.npmjs.org/to-object-x/-/to-object-x-1.4.1.tgz",
        "validate.io-undefined": "https://registry.npmjs.org/validate.io-undefined/-/validate.io-undefined-1.0.3.tgz"
      }
    },
    "asn1": {
      "version": "https://registry.npmjs.org/asn1/-/asn1-0.2.3.tgz",
      "integrity": "sha1-2sh4dxPJlmhJ/IGAd36+nB3fO4Y="
    },
    "assert-plus": {
      "version": "https://registry.npmjs.org/assert-plus/-/assert-plus-0.2.0.tgz",
      "integrity": "sha1-104bh+ev/A24qttwIfP+SBAasjQ="
    },
    "async": {
      "version": "https://registry.npmjs.org/async/-/async-2.5.0.tgz",
      "integrity": "sha1-hDGQ/WtzV6C54clW7d3V7IRitU0=",
      "requires": {
        "lodash": "https://registry.npmjs.org/lodash/-/lodash-4.17.4.tgz"
      }
    },
    "asynckit": {
      "version": "https://registry.npmjs.org/asynckit/-/asynckit-0.4.0.tgz",
      "integrity": "sha1-x57Zf380y48robyXkLzDZkdLS3k="
    },
    "attempt-x": {
      "version": "https://registry.npmjs.org/attempt-x/-/attempt-x-1.1.0.tgz",
      "integrity": "sha1-Sa3//bCuX3ooCsC3gvjogprpBow=",
      "requires": {
        "array-like-slice-x": "https://registry.npmjs.org/array-like-slice-x/-/array-like-slice-x-1.1.0.tgz"
      }
    },
    "aws-sign2": {
      "version": "https://registry.npmjs.org/aws-sign2/-/aws-sign2-0.6.0.tgz",
      "integrity": "sha1-FDQt0428yU0OW4fXY81jYSwOeU8="
    },
    "aws4": {
      "version": "https://registry.npmjs.org/aws4/-/aws4-1.6.0.tgz",
      "integrity": "sha1-g+9cqGCysy5KDe7e6MdxudtXRx4="
    },
    "bcrypt-pbkdf": {
      "version": "https://registry.npmjs.org/bcrypt-pbkdf/-/bcrypt-pbkdf-1.0.1.tgz",
      "integrity": "sha1-Y7xdy2EzG5K8Bf1SiVPDNGKgb40=",
      "optional": true,
      "requires": {
        "tweetnacl": "https://registry.npmjs.org/tweetnacl/-/tweetnacl-0.14.5.tgz"
      }
    },
    "bignumber.js": {
      "version": "https://registry.npmjs.org/bignumber.js/-/bignumber.js-1.1.1.tgz",
      "integrity": "sha1-GkFdmsAUwTJWrx/u2dGj5XF6jPc="
    },
    "bluebird": {
      "version": "https://registry.npmjs.org/bluebird/-/bluebird-3.5.0.tgz",
      "integrity": "sha1-eRQg1/VR7qKJdFOop3ZT+WYG1nw="
    },
    "boom": {
      "version": "https://registry.npmjs.org/boom/-/boom-2.10.1.tgz",
      "integrity": "sha1-OciRjO/1eZ+D+UkqhI9iWt0Mdm8=",
      "requires": {
        "hoek": "https://registry.npmjs.org/hoek/-/hoek-2.16.3.tgz"
      }
    },
    "buffer-from": {
      "version": "https://registry.npmjs.org/buffer-from/-/buffer-from-0.1.1.tgz",
      "integrity": "sha1-V7GLHaChnsBvM4N6UnWiQjUb114=",
      "requires": {
        "is-array-buffer-x": "https://registry.npmjs.org/is-array-buffer-x/-/is-array-buffer-x-1.7.0.tgz"
      }
    },
    "caseless": {
      "version": "https://registry.npmjs.org/caseless/-/caseless-0.12.0.tgz",
      "integrity": "sha1-G2gcIf+EAzyCZUMJBolCDRhxUdw="
    },
    "child_process": {
      "version": "1.0.2",
      "resolved": "https://registry.npmjs.org/child_process/-/child_process-1.0.2.tgz",
      "integrity": "sha1-sffn/HPSXn/R1FWtyU4UODAYK1o="
    },
    "co": {
      "version": "https://registry.npmjs.org/co/-/co-4.6.0.tgz",
      "integrity": "sha1-bqa989hTrlTMuOR7+gvz+QMfsYQ="
    },
    "combined-stream": {
      "version": "https://registry.npmjs.org/combined-stream/-/combined-stream-1.0.5.tgz",
      "integrity": "sha1-k4NwpXtKUd6ix3wV1cX9+JUWQAk=",
      "requires": {
        "delayed-stream": "https://registry.npmjs.org/delayed-stream/-/delayed-stream-1.0.0.tgz"
      }
    },
    "cookie": {
      "version": "https://registry.npmjs.org/cookie/-/cookie-0.3.1.tgz",
      "integrity": "sha1-5+Ch+e9DtMi6klxcWpboBtFoc7s="
    },
    "core-util-is": {
      "version": "https://registry.npmjs.org/core-util-is/-/core-util-is-1.0.2.tgz",
      "integrity": "sha1-tf1UIgqivFq1eqtxQMlAdUUDwac="
    },
    "cryptiles": {
      "version": "https://registry.npmjs.org/cryptiles/-/cryptiles-2.0.5.tgz",
      "integrity": "sha1-O9/s3GCBR8HGcgL6KR59ylnqo7g=",
      "requires": {
        "boom": "https://registry.npmjs.org/boom/-/boom-2.10.1.tgz"
      }
    },
    "csv-stringify": {
      "version": "https://registry.npmjs.org/csv-stringify/-/csv-stringify-1.0.4.tgz",
      "integrity": "sha1-vBi6ua1M7zGV/SV5gLWLR5xC0+U=",
      "requires": {
        "lodash.get": "https://registry.npmjs.org/lodash.get/-/lodash.get-4.4.2.tgz"
      }
    },
    "dashdash": {
      "version": "https://registry.npmjs.org/dashdash/-/dashdash-1.14.1.tgz",
      "integrity": "sha1-hTz6D3y+L+1d4gMmuN1YEDX24vA=",
      "requires": {
        "assert-plus": "https://registry.npmjs.org/assert-plus/-/assert-plus-1.0.0.tgz"
      },
      "dependencies": {
        "assert-plus": {
          "version": "https://registry.npmjs.org/assert-plus/-/assert-plus-1.0.0.tgz",
          "integrity": "sha1-8S4PPF13sLHN2RRpQuTpbB5N1SU="
        }
      }
    },
    "debug": {
      "version": "https://registry.npmjs.org/debug/-/debug-2.6.8.tgz",
      "integrity": "sha1-5zFTHKLt4n0YgiJCfaF4IdaP9Pw=",
      "requires": {
        "ms": "https://registry.npmjs.org/ms/-/ms-2.0.0.tgz"
      }
    },
    "delayed-stream": {
      "version": "https://registry.npmjs.org/delayed-stream/-/delayed-stream-1.0.0.tgz",
      "integrity": "sha1-3zrhmayt+31ECqrgsp4icrJOxhk="
    },
    "duplexer": {
      "version": "https://registry.npmjs.org/duplexer/-/duplexer-0.1.1.tgz",
      "integrity": "sha1-rOb/gIwc5mtX0ev5eXessCM0z8E="
    },
    "ecc-jsbn": {
      "version": "https://registry.npmjs.org/ecc-jsbn/-/ecc-jsbn-0.1.1.tgz",
      "integrity": "sha1-D8c6ntXw1Tw4GTOYUj735UN3dQU=",
      "optional": true,
      "requires": {
        "jsbn": "https://registry.npmjs.org/jsbn/-/jsbn-0.1.1.tgz"
      }
    },
    "extend": {
      "version": "https://registry.npmjs.org/extend/-/extend-3.0.1.tgz",
      "integrity": "sha1-p1Xqe8Gt/MWjHOfnYtuq3F5jZEQ="
    },
    "extsprintf": {
      "version": "https://registry.npmjs.org/extsprintf/-/extsprintf-1.3.0.tgz",
      "integrity": "sha1-lpGEQOMEGnpBT4xS48V06zw+HgU="
    },
    "for-in": {
      "version": "https://registry.npmjs.org/for-in/-/for-in-1.0.2.tgz",
      "integrity": "sha1-gQaNKVqBQuwKxybG4iAMMPttXoA="
    },
    "for-own": {
      "version": "https://registry.npmjs.org/for-own/-/for-own-0.1.5.tgz",
      "integrity": "sha1-UmXGgaTylNq78XyVCbZ2OqhFEM4=",
      "requires": {
        "for-in": "https://registry.npmjs.org/for-in/-/for-in-1.0.2.tgz"
      }
    },
    "forever-agent": {
      "version": "https://registry.npmjs.org/forever-agent/-/forever-agent-0.6.1.tgz",
      "integrity": "sha1-+8cfDEGt6zf5bFd60e1C2P2sypE="
    },
    "form-data": {
      "version": "https://registry.npmjs.org/form-data/-/form-data-2.1.4.tgz",
      "integrity": "sha1-M8GDrPGTJ27KqYFDpp6Uv+4XUNE=",
      "requires": {
        "asynckit": "https://registry.npmjs.org/asynckit/-/asynckit-0.4.0.tgz",
        "combined-stream": "https://registry.npmjs.org/combined-stream/-/combined-stream-1.0.5.tgz",
        "mime-types": "https://registry.npmjs.org/mime-types/-/mime-types-2.1.17.tgz"
      }
    },
    "getpass": {
      "version": "https://registry.npmjs.org/getpass/-/getpass-0.1.7.tgz",
      "integrity": "sha1-Xv+OPmhNVprkyysSgmBOi6YhSfo=",
      "requires": {
        "assert-plus": "https://registry.npmjs.org/assert-plus/-/assert-plus-1.0.0.tgz"
      },
      "dependencies": {
        "assert-plus": {
          "version": "https://registry.npmjs.org/assert-plus/-/assert-plus-1.0.0.tgz",
          "integrity": "sha1-8S4PPF13sLHN2RRpQuTpbB5N1SU="
        }
      }
    },
    "globals": {
      "version": "https://registry.npmjs.org/globals/-/globals-10.1.0.tgz",
      "integrity": "sha1-RCWhiBvg0za0qCOoKnvnJdXdmHw="
    },
    "har-schema": {
      "version": "https://registry.npmjs.org/har-schema/-/har-schema-1.0.5.tgz",
      "integrity": "sha1-0mMTX0MwfALGAq/I/pWXDAFRNp4="
    },
    "har-validator": {
      "version": "https://registry.npmjs.org/har-validator/-/har-validator-4.2.1.tgz",
      "integrity": "sha1-M0gdDxu/9gDdID11gSpqX7oALio=",
      "requires": {
        "ajv": "https://registry.npmjs.org/ajv/-/ajv-4.11.8.tgz",
        "har-schema": "https://registry.npmjs.org/har-schema/-/har-schema-1.0.5.tgz"
      }
    },
    "has-boxed-string-x": {
      "version": "https://registry.npmjs.org/has-boxed-string-x/-/has-boxed-string-x-1.0.1.tgz",
      "integrity": "sha1-on+h/uX151NA6PQoKYvo9eTKdV0="
    },
    "has-own-property-x": {
      "version": "https://registry.npmjs.org/has-own-property-x/-/has-own-property-x-3.1.1.tgz",
      "integrity": "sha1-IVaox8tYO2dK/QUVR+0wcmOWA18=",
      "requires": {
        "to-object-x": "https://registry.npmjs.org/to-object-x/-/to-object-x-1.4.1.tgz",
        "to-property-key-x": "https://registry.npmjs.org/to-property-key-x/-/to-property-key-x-2.0.1.tgz"
      }
    },
    "has-symbol-support-x": {
      "version": "https://registry.npmjs.org/has-symbol-support-x/-/has-symbol-support-x-1.4.1.tgz",
      "integrity": "sha1-ZuwuN34MfXzO2wejqE13UQ/xvEw="
    },
    "has-to-string-tag-x": {
      "version": "https://registry.npmjs.org/has-to-string-tag-x/-/has-to-string-tag-x-1.4.1.tgz",
      "integrity": "sha1-oEWrOD17SyASoAFIqwql8pAETU0=",
      "requires": {
        "has-symbol-support-x": "https://registry.npmjs.org/has-symbol-support-x/-/has-symbol-support-x-1.4.1.tgz"
      }
    },
    "hawk": {
      "version": "https://registry.npmjs.org/hawk/-/hawk-3.1.3.tgz",
      "integrity": "sha1-B4REvXwWQLD+VA0sm3PVlnjo4cQ=",
      "requires": {
        "boom": "https://registry.npmjs.org/boom/-/boom-2.10.1.tgz",
        "cryptiles": "https://registry.npmjs.org/cryptiles/-/cryptiles-2.0.5.tgz",
        "hoek": "https://registry.npmjs.org/hoek/-/hoek-2.16.3.tgz",
        "sntp": "https://registry.npmjs.org/sntp/-/sntp-1.0.9.tgz"
      }
    },
    "hnp": {
      "version": "https://registry.npmjs.org/hnp/-/hnp-0.0.1.tgz",
      "integrity": "sha1-2RSJpd/N9BznQVhCmKcwZldqkoY="
    },
    "hoek": {
      "version": "https://registry.npmjs.org/hoek/-/hoek-2.16.3.tgz",
      "integrity": "sha1-ILt0A9POo5jpHcRxCo/xuCdKJe0="
    },
    "http-signature": {
      "version": "https://registry.npmjs.org/http-signature/-/http-signature-1.1.1.tgz",
      "integrity": "sha1-33LiZwZs0Kxn+3at+OE0qPvPkb8=",
      "requires": {
        "assert-plus": "https://registry.npmjs.org/assert-plus/-/assert-plus-0.2.0.tgz",
        "jsprim": "https://registry.npmjs.org/jsprim/-/jsprim-1.4.1.tgz",
        "sshpk": "https://registry.npmjs.org/sshpk/-/sshpk-1.13.1.tgz"
      }
    },
    "httperror": {
      "version": "https://registry.npmjs.org/httperror/-/httperror-0.2.3.tgz",
      "integrity": "sha1-yW4NZsvPbg4Z2A5HJ6laCddf4Lg=",
      "requires": {
        "hnp": "https://registry.npmjs.org/hnp/-/hnp-0.0.1.tgz"
      }
    },
    "is-array-buffer-x": {
      "version": "https://registry.npmjs.org/is-array-buffer-x/-/is-array-buffer-x-1.7.0.tgz",
      "integrity": "sha1-SwsQQntkqjQ3dnrfT8B3AsWbI3E=",
      "requires": {
        "attempt-x": "https://registry.npmjs.org/attempt-x/-/attempt-x-1.1.0.tgz",
        "has-to-string-tag-x": "https://registry.npmjs.org/has-to-string-tag-x/-/has-to-string-tag-x-1.4.1.tgz",
        "is-object-like-x": "https://registry.npmjs.org/is-object-like-x/-/is-object-like-x-1.5.1.tgz",
        "object-get-own-property-descriptor-x": "https://registry.npmjs.org/object-get-own-property-descriptor-x/-/object-get-own-property-descriptor-x-3.2.0.tgz",
        "to-string-tag-x": "https://registry.npmjs.org/to-string-tag-x/-/to-string-tag-x-1.4.1.tgz"
      }
    },
    "is-date-object": {
      "version": "https://registry.npmjs.org/is-date-object/-/is-date-object-1.0.1.tgz",
      "integrity": "sha1-mqIOtq7rv/d/vTPnTKAbM1gdOhY="
    },
    "is-extendable": {
      "version": "https://registry.npmjs.org/is-extendable/-/is-extendable-0.1.1.tgz",
      "integrity": "sha1-YrEQ4omkcUGOPsNqYX1HLjAd/Ik="
    },
    "is-falsey-x": {
      "version": "https://registry.npmjs.org/is-falsey-x/-/is-falsey-x-1.0.0.tgz",
      "integrity": "sha1-StFjzXgnN464ARXa34jYtMiT0Zo="
    },
    "is-finite-x": {
      "version": "https://registry.npmjs.org/is-finite-x/-/is-finite-x-3.0.1.tgz",
      "integrity": "sha1-W/BaQw5rFSApFdgrTq5JDBkUWeA=",
      "requires": {
        "is-nan-x": "https://registry.npmjs.org/is-nan-x/-/is-nan-x-1.0.1.tgz"
      }
    },
    "is-function-x": {
      "version": "https://registry.npmjs.org/is-function-x/-/is-function-x-3.1.1.tgz",
      "integrity": "sha1-Nrsx4EtQ4WwdBag3bQA7/J4nQks=",
      "requires": {
        "has-to-string-tag-x": "https://registry.npmjs.org/has-to-string-tag-x/-/has-to-string-tag-x-1.4.1.tgz",
        "is-primitive": "https://registry.npmjs.org/is-primitive/-/is-primitive-2.0.0.tgz",
        "normalize-space-x": "https://registry.npmjs.org/normalize-space-x/-/normalize-space-x-1.3.3.tgz",
        "replace-comments-x": "https://registry.npmjs.org/replace-comments-x/-/replace-comments-x-1.0.3.tgz",
        "to-string-tag-x": "https://registry.npmjs.org/to-string-tag-x/-/to-string-tag-x-1.4.1.tgz"
      }
    },
    "is-index-x": {
      "version": "https://registry.npmjs.org/is-index-x/-/is-index-x-1.0.0.tgz",
      "integrity": "sha1-VfAi+GHbxEqGK8jqA/bDZm+haPw=",
      "requires": {
        "math-clamp-x": "https://registry.npmjs.org/math-clamp-x/-/math-clamp-x-1.1.0.tgz",
        "max-safe-integer": "https://registry.npmjs.org/max-safe-integer/-/max-safe-integer-1.0.1.tgz",
        "safe-to-string-x": "https://registry.npmjs.org/safe-to-string-x/-/safe-to-string-x-2.0.1.tgz",
        "to-integer-x": "https://registry.npmjs.org/to-integer-x/-/to-integer-x-2.1.0.tgz",
        "to-number-x": "https://registry.npmjs.org/to-number-x/-/to-number-x-1.1.0.tgz"
      }
    },
    "is-nan-x": {
      "version": "https://registry.npmjs.org/is-nan-x/-/is-nan-x-1.0.1.tgz",
      "integrity": "sha1-3nR+vMi93rZvNnwXysp+uoQ4VcA="
    },
    "is-nil-x": {
      "version": "https://registry.npmjs.org/is-nil-x/-/is-nil-x-1.4.1.tgz",
      "integrity": "sha1-vZ57CLTNcy+dy94T2TKRuy7C4kg=",
      "requires": {
        "lodash.isnull": "https://registry.npmjs.org/lodash.isnull/-/lodash.isnull-3.0.0.tgz",
        "validate.io-undefined": "https://registry.npmjs.org/validate.io-undefined/-/validate.io-undefined-1.0.3.tgz"
      }
    },
    "is-object-like-x": {
      "version": "https://registry.npmjs.org/is-object-like-x/-/is-object-like-x-1.5.1.tgz",
      "integrity": "sha1-Eaetn6Lsm3UYW+sdb+bQAG2Z7pQ=",
      "requires": {
        "is-function-x": "https://registry.npmjs.org/is-function-x/-/is-function-x-3.1.1.tgz",
        "is-primitive": "https://registry.npmjs.org/is-primitive/-/is-primitive-2.0.0.tgz"
      }
    },
    "is-primitive": {
      "version": "https://registry.npmjs.org/is-primitive/-/is-primitive-2.0.0.tgz",
      "integrity": "sha1-IHurkWOEmcB7Kt8kCkGochADRXU="
    },
    "is-string": {
      "version": "https://registry.npmjs.org/is-string/-/is-string-1.0.4.tgz",
      "integrity": "sha1-zDqbaYV9Yh6WNyWiTK7shzuCbmQ="
    },
    "is-symbol": {
      "version": "https://registry.npmjs.org/is-symbol/-/is-symbol-1.0.1.tgz",
      "integrity": "sha1-PMWfAAJRlLarLjjbrmaJJWtmBXI="
    },
    "is-typedarray": {
      "version": "https://registry.npmjs.org/is-typedarray/-/is-typedarray-1.0.0.tgz",
      "integrity": "sha1-5HnICFjfDBsR3dppQPlgEfzaSpo="
    },
    "isarray": {
      "version": "https://registry.npmjs.org/isarray/-/isarray-1.0.0.tgz",
      "integrity": "sha1-u5NdSFgsuhaMBoNJV6VKPgcSTxE="
    },
    "isobject": {
      "version": "https://registry.npmjs.org/isobject/-/isobject-2.1.0.tgz",
      "integrity": "sha1-8GVWEJaj8dou9GJy+BXIQNh+DIk=",
      "requires": {
        "isarray": "https://registry.npmjs.org/isarray/-/isarray-1.0.0.tgz"
      }
    },
    "isstream": {
      "version": "https://registry.npmjs.org/isstream/-/isstream-0.1.2.tgz",
      "integrity": "sha1-R+Y/evVa+m+S4VAOaQ64uFKcCZo="
    },
    "jsbn": {
      "version": "https://registry.npmjs.org/jsbn/-/jsbn-0.1.1.tgz",
      "integrity": "sha1-peZUwuWi3rXyAdls77yoDA7y9RM=",
      "optional": true
    },
    "json-bigint": {
      "version": "https://registry.npmjs.org/json-bigint/-/json-bigint-0.1.4.tgz",
      "integrity": "sha1-tdQLipAJ6S8Vf3wHnbCXABgw4B4=",
      "requires": {
        "bignumber.js": "https://registry.npmjs.org/bignumber.js/-/bignumber.js-1.1.1.tgz"
      }
    },
    "json-schema": {
      "version": "https://registry.npmjs.org/json-schema/-/json-schema-0.2.3.tgz",
      "integrity": "sha1-tIDIkuWaLwWVTOcnvT8qTogvnhM="
    },
    "json-stable-stringify": {
      "version": "https://registry.npmjs.org/json-stable-stringify/-/json-stable-stringify-1.0.1.tgz",
      "integrity": "sha1-mnWdOcXy/1A/1TAGRu1EX4jE+a8=",
      "requires": {
        "jsonify": "https://registry.npmjs.org/jsonify/-/jsonify-0.0.0.tgz"
      }
    },
    "json-stringify-safe": {
      "version": "https://registry.npmjs.org/json-stringify-safe/-/json-stringify-safe-5.0.1.tgz",
      "integrity": "sha1-Epai1Y/UXxmg9s4B1lcB4sc1tus="
    },
    "jsonify": {
      "version": "https://registry.npmjs.org/jsonify/-/jsonify-0.0.0.tgz",
      "integrity": "sha1-LHS27kHZPKUbe1qu6PUDYx0lKnM="
    },
    "jsonparse": {
      "version": "https://registry.npmjs.org/jsonparse/-/jsonparse-1.3.1.tgz",
      "integrity": "sha1-P02uSpH6wxX3EGL4UhzCOfE2YoA="
    },
    "jsprim": {
      "version": "https://registry.npmjs.org/jsprim/-/jsprim-1.4.1.tgz",
      "integrity": "sha1-MT5mvB5cwG5Di8G3SZwuXFastqI=",
      "requires": {
        "assert-plus": "https://registry.npmjs.org/assert-plus/-/assert-plus-1.0.0.tgz",
        "extsprintf": "https://registry.npmjs.org/extsprintf/-/extsprintf-1.3.0.tgz",
        "json-schema": "https://registry.npmjs.org/json-schema/-/json-schema-0.2.3.tgz",
        "verror": "https://registry.npmjs.org/verror/-/verror-1.10.0.tgz"
      },
      "dependencies": {
        "assert-plus": {
          "version": "https://registry.npmjs.org/assert-plus/-/assert-plus-1.0.0.tgz",
          "integrity": "sha1-8S4PPF13sLHN2RRpQuTpbB5N1SU="
        }
      }
    },
    "lodash": {
      "version": "https://registry.npmjs.org/lodash/-/lodash-4.17.4.tgz",
      "integrity": "sha1-eCA6TRwyiuHYbcpkYONptX9AVa4="
    },
    "lodash.get": {
      "version": "https://registry.npmjs.org/lodash.get/-/lodash.get-4.4.2.tgz",
      "integrity": "sha1-LRd/ZS+jHpObRDjVNBSZ36OCXpk="
    },
    "lodash.isnull": {
      "version": "https://registry.npmjs.org/lodash.isnull/-/lodash.isnull-3.0.0.tgz",
      "integrity": "sha1-+vvlnqHcon7teGU0A53YTC4HxW4="
    },
    "math-clamp-x": {
      "version": "https://registry.npmjs.org/math-clamp-x/-/math-clamp-x-1.1.0.tgz",
      "integrity": "sha1-DtBoWmTmF57/5OwmRvWKH+aVUUw=",
      "requires": {
        "to-number-x": "https://registry.npmjs.org/to-number-x/-/to-number-x-1.1.0.tgz"
      }
    },
    "math-sign-x": {
      "version": "https://registry.npmjs.org/math-sign-x/-/math-sign-x-2.1.0.tgz",
      "integrity": "sha1-G+euntibl24AfQ7zayjF22/vQww=",
      "requires": {
        "is-nan-x": "https://registry.npmjs.org/is-nan-x/-/is-nan-x-1.0.1.tgz",
        "to-number-x": "https://registry.npmjs.org/to-number-x/-/to-number-x-1.1.0.tgz"
      }
    },
    "max-safe-integer": {
      "version": "https://registry.npmjs.org/max-safe-integer/-/max-safe-integer-1.0.1.tgz",
      "integrity": "sha1-84BgvixWPYwC5tSK85Ei/YO29BA="
    },
    "mime": {
      "version": "https://registry.npmjs.org/mime/-/mime-1.4.0.tgz",
      "integrity": "sha1-aeng21HUTyo7VuSLeBfX0Tfxo0M="
    },
    "mime-db": {
      "version": "https://registry.npmjs.org/mime-db/-/mime-db-1.30.0.tgz",
      "integrity": "sha1-dMZD2i3Z1qRTmZY0ZbJtXKfXHwE="
    },
    "mime-types": {
      "version": "https://registry.npmjs.org/mime-types/-/mime-types-2.1.17.tgz",
      "integrity": "sha1-Cdejk/A+mVp5+K+Fe3Cp4KsWVXo=",
      "requires": {
        "mime-db": "https://registry.npmjs.org/mime-db/-/mime-db-1.30.0.tgz"
      }
    },
    "ms": {
      "version": "https://registry.npmjs.org/ms/-/ms-2.0.0.tgz",
      "integrity": "sha1-VgiurfwAvmwpAd9fmGF4jeDVl8g="
    },
    "nan": {
      "version": "https://registry.npmjs.org/nan/-/nan-2.7.0.tgz",
      "integrity": "sha1-2Vv3IeyHfgjbJ27T/G63j5CDrUY="
    },
    "nodemailer": {
      "version": "https://registry.npmjs.org/nodemailer/-/nodemailer-4.1.0.tgz",
      "integrity": "sha1-4/drytc3a65EcUVSVx9bBnT+Rp8="
    },
    "normalize-space-x": {
      "version": "https://registry.npmjs.org/normalize-space-x/-/normalize-space-x-1.3.3.tgz",
      "integrity": "sha1-i9rZ34t51YRCGde9DargEOpsIAw=",
      "requires": {
        "trim-x": "https://registry.npmjs.org/trim-x/-/trim-x-1.0.3.tgz",
        "white-space-x": "https://registry.npmjs.org/white-space-x/-/white-space-x-2.0.3.tgz"
      }
    },
    "oauth-sign": {
      "version": "https://registry.npmjs.org/oauth-sign/-/oauth-sign-0.8.2.tgz",
      "integrity": "sha1-Rqarfwrq2N6unsBWV4C31O/rnUM="
    },
    "object-get-own-property-descriptor-x": {
      "version": "https://registry.npmjs.org/object-get-own-property-descriptor-x/-/object-get-own-property-descriptor-x-3.2.0.tgz",
      "integrity": "sha1-RkWFrQPmYQjtFmyZMluNLFupNxI=",
      "requires": {
        "attempt-x": "https://registry.npmjs.org/attempt-x/-/attempt-x-1.1.0.tgz",
        "has-own-property-x": "https://registry.npmjs.org/has-own-property-x/-/has-own-property-x-3.1.1.tgz",
        "has-symbol-support-x": "https://registry.npmjs.org/has-symbol-support-x/-/has-symbol-support-x-1.4.1.tgz",
        "is-falsey-x": "https://registry.npmjs.org/is-falsey-x/-/is-falsey-x-1.0.0.tgz",
        "is-index-x": "https://registry.npmjs.org/is-index-x/-/is-index-x-1.0.0.tgz",
        "is-primitive": "https://registry.npmjs.org/is-primitive/-/is-primitive-2.0.0.tgz",
        "is-string": "https://registry.npmjs.org/is-string/-/is-string-1.0.4.tgz",
        "property-is-enumerable-x": "https://registry.npmjs.org/property-is-enumerable-x/-/property-is-enumerable-x-1.1.0.tgz",
        "to-object-x": "https://registry.npmjs.org/to-object-x/-/to-object-x-1.4.1.tgz",
        "to-property-key-x": "https://registry.npmjs.org/to-property-key-x/-/to-property-key-x-2.0.1.tgz"
      }
    },
    "object.omit": {
      "version": "https://registry.npmjs.org/object.omit/-/object.omit-2.0.1.tgz",
      "integrity": "sha1-Gpx0SCnznbuFjHbKNXmuKlTr0fo=",
      "requires": {
        "for-own": "https://registry.npmjs.org/for-own/-/for-own-0.1.5.tgz",
        "is-extendable": "https://registry.npmjs.org/is-extendable/-/is-extendable-0.1.1.tgz"
      }
    },
    "object.pick": {
      "version": "https://registry.npmjs.org/object.pick/-/object.pick-1.2.0.tgz",
      "integrity": "sha1-tTkr7peC2m2ft9avr1OXefEjTCs=",
      "requires": {
        "isobject": "https://registry.npmjs.org/isobject/-/isobject-2.1.0.tgz"
      }
    },
    "performance-now": {
      "version": "https://registry.npmjs.org/performance-now/-/performance-now-0.2.0.tgz",
      "integrity": "sha1-M+8wxcd9TqIcWlOGnZG1bY8lVeU="
    },
    "property-is-enumerable-x": {
      "version": "https://registry.npmjs.org/property-is-enumerable-x/-/property-is-enumerable-x-1.1.0.tgz",
      "integrity": "sha1-fKSJF0ds0JFLN4Cb/QV3ag2UL28=",
      "requires": {
        "to-object-x": "https://registry.npmjs.org/to-object-x/-/to-object-x-1.4.1.tgz",
        "to-property-key-x": "https://registry.npmjs.org/to-property-key-x/-/to-property-key-x-2.0.1.tgz"
      }
    },
    "punycode": {
      "version": "https://registry.npmjs.org/punycode/-/punycode-1.4.1.tgz",
      "integrity": "sha1-wNWmOycYgArY4esPpSachN1BhF4="
    },
    "qs": {
      "version": "https://registry.npmjs.org/qs/-/qs-6.4.0.tgz",
      "integrity": "sha1-E+JtKK1rD/qpExLNO/cI7TUecjM="
    },
    "replace-comments-x": {
      "version": "https://registry.npmjs.org/replace-comments-x/-/replace-comments-x-1.0.3.tgz",
      "integrity": "sha1-X47a+UVW3gtR/HZPTpZVb5BG/Fw=",
      "requires": {
        "is-string": "https://registry.npmjs.org/is-string/-/is-string-1.0.4.tgz"
      }
    },
    "request": {
      "version": "https://registry.npmjs.org/request/-/request-2.81.0.tgz",
      "integrity": "sha1-xpKJRqDgbF+Nb4qTM0af/aRimKA=",
      "requires": {
        "aws-sign2": "https://registry.npmjs.org/aws-sign2/-/aws-sign2-0.6.0.tgz",
        "aws4": "https://registry.npmjs.org/aws4/-/aws4-1.6.0.tgz",
        "caseless": "https://registry.npmjs.org/caseless/-/caseless-0.12.0.tgz",
        "combined-stream": "https://registry.npmjs.org/combined-stream/-/combined-stream-1.0.5.tgz",
        "extend": "https://registry.npmjs.org/extend/-/extend-3.0.1.tgz",
        "forever-agent": "https://registry.npmjs.org/forever-agent/-/forever-agent-0.6.1.tgz",
        "form-data": "https://registry.npmjs.org/form-data/-/form-data-2.1.4.tgz",
        "har-validator": "https://registry.npmjs.org/har-validator/-/har-validator-4.2.1.tgz",
        "hawk": "https://registry.npmjs.org/hawk/-/hawk-3.1.3.tgz",
        "http-signature": "https://registry.npmjs.org/http-signature/-/http-signature-1.1.1.tgz",
        "is-typedarray": "https://registry.npmjs.org/is-typedarray/-/is-typedarray-1.0.0.tgz",
        "isstream": "https://registry.npmjs.org/isstream/-/isstream-0.1.2.tgz",
        "json-stringify-safe": "https://registry.npmjs.org/json-stringify-safe/-/json-stringify-safe-5.0.1.tgz",
        "mime-types": "https://registry.npmjs.org/mime-types/-/mime-types-2.1.17.tgz",
        "oauth-sign": "https://registry.npmjs.org/oauth-sign/-/oauth-sign-0.8.2.tgz",
        "performance-now": "https://registry.npmjs.org/performance-now/-/performance-now-0.2.0.tgz",
        "qs": "https://registry.npmjs.org/qs/-/qs-6.4.0.tgz",
        "safe-buffer": "https://registry.npmjs.org/safe-buffer/-/safe-buffer-5.1.1.tgz",
        "stringstream": "https://registry.npmjs.org/stringstream/-/stringstream-0.0.5.tgz",
        "tough-cookie": "https://registry.npmjs.org/tough-cookie/-/tough-cookie-2.3.2.tgz",
        "tunnel-agent": "https://registry.npmjs.org/tunnel-agent/-/tunnel-agent-0.6.0.tgz",
        "uuid": "https://registry.npmjs.org/uuid/-/uuid-3.1.0.tgz"
      }
    },
    "require-object-coercible-x": {
      "version": "https://registry.npmjs.org/require-object-coercible-x/-/require-object-coercible-x-1.4.1.tgz",
      "integrity": "sha1-dbn7W9otFc9wWlcU8QjotAyj6y4=",
      "requires": {
        "is-nil-x": "https://registry.npmjs.org/is-nil-x/-/is-nil-x-1.4.1.tgz"
      }
    },
    "safe-buffer": {
      "version": "https://registry.npmjs.org/safe-buffer/-/safe-buffer-5.1.1.tgz",
      "integrity": "sha1-iTMSr2myEj3vcfV4iQAWce6yyFM="
    },
    "safe-to-string-x": {
      "version": "https://registry.npmjs.org/safe-to-string-x/-/safe-to-string-x-2.0.1.tgz",
      "integrity": "sha1-LLDOXsz5J5y1RgvYRfl1UnUlJS0=",
      "requires": {
        "has-symbol-support-x": "https://registry.npmjs.org/has-symbol-support-x/-/has-symbol-support-x-1.4.1.tgz",
        "is-symbol": "https://registry.npmjs.org/is-symbol/-/is-symbol-1.0.1.tgz",
        "to-string-x": "https://registry.npmjs.org/to-string-x/-/to-string-x-1.4.1.tgz"
      }
    },
    "sntp": {
      "version": "https://registry.npmjs.org/sntp/-/sntp-1.0.9.tgz",
      "integrity": "sha1-ZUEYTMkK7qbG57NeJlkIJEPGYZg=",
      "requires": {
        "hoek": "https://registry.npmjs.org/hoek/-/hoek-2.16.3.tgz"
      }
    },
    "solr-client": {
      "version": "https://registry.npmjs.org/solr-client/-/solr-client-0.7.0.tgz",
      "integrity": "sha1-uA/Mpsh3aD1XGLdaF3Jk8SIHt7g=",
      "requires": {
        "JSONStream": "https://registry.npmjs.org/JSONStream/-/JSONStream-1.0.7.tgz",
        "bluebird": "https://registry.npmjs.org/bluebird/-/bluebird-3.5.0.tgz",
        "duplexer": "https://registry.npmjs.org/duplexer/-/duplexer-0.1.1.tgz",
        "httperror": "https://registry.npmjs.org/httperror/-/httperror-0.2.3.tgz",
        "json-bigint": "https://registry.npmjs.org/json-bigint/-/json-bigint-0.1.4.tgz",
        "request": "https://registry.npmjs.org/request/-/request-2.81.0.tgz"
      }
    },
    "split-if-boxed-bug-x": {
      "version": "https://registry.npmjs.org/split-if-boxed-bug-x/-/split-if-boxed-bug-x-1.0.0.tgz",
      "integrity": "sha1-RhjtJ6XYkvN4mYJhEnNLg1TtY5w=",
      "requires": {
        "has-boxed-string-x": "https://registry.npmjs.org/has-boxed-string-x/-/has-boxed-string-x-1.0.1.tgz",
        "is-string": "https://registry.npmjs.org/is-string/-/is-string-1.0.4.tgz"
      }
    },
    "sshpk": {
      "version": "https://registry.npmjs.org/sshpk/-/sshpk-1.13.1.tgz",
      "integrity": "sha1-US322mKHFEMW3EwY/hzx2UBzm+M=",
      "requires": {
        "asn1": "https://registry.npmjs.org/asn1/-/asn1-0.2.3.tgz",
        "assert-plus": "https://registry.npmjs.org/assert-plus/-/assert-plus-1.0.0.tgz",
        "bcrypt-pbkdf": "https://registry.npmjs.org/bcrypt-pbkdf/-/bcrypt-pbkdf-1.0.1.tgz",
        "dashdash": "https://registry.npmjs.org/dashdash/-/dashdash-1.14.1.tgz",
        "ecc-jsbn": "https://registry.npmjs.org/ecc-jsbn/-/ecc-jsbn-0.1.1.tgz",
        "getpass": "https://registry.npmjs.org/getpass/-/getpass-0.1.7.tgz",
        "jsbn": "https://registry.npmjs.org/jsbn/-/jsbn-0.1.1.tgz",
        "tweetnacl": "https://registry.npmjs.org/tweetnacl/-/tweetnacl-0.14.5.tgz"
      },
      "dependencies": {
        "assert-plus": {
          "version": "https://registry.npmjs.org/assert-plus/-/assert-plus-1.0.0.tgz",
          "integrity": "sha1-8S4PPF13sLHN2RRpQuTpbB5N1SU="
        }
      }
    },
    "string": {
      "version": "https://registry.npmjs.org/string/-/string-3.3.3.tgz",
      "integrity": "sha1-XqIRzZLSKOGEKUmQpsyXs2anfLA="
    },
    "stringstream": {
      "version": "https://registry.npmjs.org/stringstream/-/stringstream-0.0.5.tgz",
      "integrity": "sha1-TkhM1N5aC7vuGORjB3EKioFiGHg="
    },
    "through": {
      "version": "https://registry.npmjs.org/through/-/through-2.3.8.tgz",
      "integrity": "sha1-DdTJ/6q8NXlgsbckEV1+Doai4fU="
    },
    "to-integer-x": {
      "version": "https://registry.npmjs.org/to-integer-x/-/to-integer-x-2.1.0.tgz",
      "integrity": "sha1-WeojHiPg6TTiqJRNRVXoYW6H2MU=",
      "requires": {
        "is-finite-x": "https://registry.npmjs.org/is-finite-x/-/is-finite-x-3.0.1.tgz",
        "is-nan-x": "https://registry.npmjs.org/is-nan-x/-/is-nan-x-1.0.1.tgz",
        "math-sign-x": "https://registry.npmjs.org/math-sign-x/-/math-sign-x-2.1.0.tgz",
        "to-number-x": "https://registry.npmjs.org/to-number-x/-/to-number-x-1.1.0.tgz"
      }
    },
    "to-length-x": {
      "version": "https://registry.npmjs.org/to-length-x/-/to-length-x-2.1.0.tgz",
      "integrity": "sha1-HVBXXq8Ukdiwq4pGvLD87Egjxrw=",
      "requires": {
        "max-safe-integer": "https://registry.npmjs.org/max-safe-integer/-/max-safe-integer-1.0.1.tgz",
        "to-integer-x": "https://registry.npmjs.org/to-integer-x/-/to-integer-x-2.1.0.tgz"
      }
    },
    "to-number-x": {
      "version": "https://registry.npmjs.org/to-number-x/-/to-number-x-1.1.0.tgz",
      "integrity": "sha1-eBxgX22YzWccCNXv1YhcQ0djQvc=",
      "requires": {
        "to-primitive-x": "https://registry.npmjs.org/to-primitive-x/-/to-primitive-x-1.0.1.tgz",
        "trim-x": "https://registry.npmjs.org/trim-x/-/trim-x-1.0.3.tgz"
      }
    },
    "to-object-x": {
      "version": "https://registry.npmjs.org/to-object-x/-/to-object-x-1.4.1.tgz",
      "integrity": "sha1-89CtR+zVmutO7frnkY3liFaF4OY=",
      "requires": {
        "require-object-coercible-x": "https://registry.npmjs.org/require-object-coercible-x/-/require-object-coercible-x-1.4.1.tgz"
      }
    },
    "to-primitive-x": {
      "version": "https://registry.npmjs.org/to-primitive-x/-/to-primitive-x-1.0.1.tgz",
      "integrity": "sha1-lhjrbpCSiAF703DB8zxJAJTPY8A=",
      "requires": {
        "has-symbol-support-x": "https://registry.npmjs.org/has-symbol-support-x/-/has-symbol-support-x-1.4.1.tgz",
        "is-date-object": "https://registry.npmjs.org/is-date-object/-/is-date-object-1.0.1.tgz",
        "is-function-x": "https://registry.npmjs.org/is-function-x/-/is-function-x-3.1.1.tgz",
        "is-nil-x": "https://registry.npmjs.org/is-nil-x/-/is-nil-x-1.4.1.tgz",
        "is-primitive": "https://registry.npmjs.org/is-primitive/-/is-primitive-2.0.0.tgz",
        "is-symbol": "https://registry.npmjs.org/is-symbol/-/is-symbol-1.0.1.tgz",
        "require-object-coercible-x": "https://registry.npmjs.org/require-object-coercible-x/-/require-object-coercible-x-1.4.1.tgz",
        "validate.io-undefined": "https://registry.npmjs.org/validate.io-undefined/-/validate.io-undefined-1.0.3.tgz"
      }
    },
    "to-property-key-x": {
      "version": "https://registry.npmjs.org/to-property-key-x/-/to-property-key-x-2.0.1.tgz",
      "integrity": "sha1-KpZX0+kPhskwSsCQJd9cjIJR4/U=",
      "requires": {
        "has-symbol-support-x": "https://registry.npmjs.org/has-symbol-support-x/-/has-symbol-support-x-1.4.1.tgz",
        "to-primitive-x": "https://registry.npmjs.org/to-primitive-x/-/to-primitive-x-1.0.1.tgz",
        "to-string-x": "https://registry.npmjs.org/to-string-x/-/to-string-x-1.4.1.tgz"
      }
    },
    "to-string-tag-x": {
      "version": "https://registry.npmjs.org/to-string-tag-x/-/to-string-tag-x-1.4.1.tgz",
      "integrity": "sha1-xZqNOJ4dMYCiNC+GuDwMzjJk804=",
      "requires": {
        "lodash.isnull": "https://registry.npmjs.org/lodash.isnull/-/lodash.isnull-3.0.0.tgz",
        "validate.io-undefined": "https://registry.npmjs.org/validate.io-undefined/-/validate.io-undefined-1.0.3.tgz"
      }
    },
    "to-string-x": {
      "version": "https://registry.npmjs.org/to-string-x/-/to-string-x-1.4.1.tgz",
      "integrity": "sha1-/UoHcIvlhwnIEn1ZVoEXbLKk3jw=",
      "requires": {
        "is-symbol": "https://registry.npmjs.org/is-symbol/-/is-symbol-1.0.1.tgz"
      }
    },
    "tough-cookie": {
      "version": "https://registry.npmjs.org/tough-cookie/-/tough-cookie-2.3.2.tgz",
      "integrity": "sha1-8IH3bkyFcg5sN6X6ztc3FQ2EByo=",
      "requires": {
        "punycode": "https://registry.npmjs.org/punycode/-/punycode-1.4.1.tgz"
      }
    },
    "trim-left-x": {
      "version": "https://registry.npmjs.org/trim-left-x/-/trim-left-x-1.3.5.tgz",
      "integrity": "sha1-jsF9jLF3Knb1583uA2N74R6NW/8=",
      "requires": {
        "to-string-x": "https://registry.npmjs.org/to-string-x/-/to-string-x-1.4.1.tgz",
        "white-space-x": "https://registry.npmjs.org/white-space-x/-/white-space-x-2.0.3.tgz"
      }
    },
    "trim-right-x": {
      "version": "https://registry.npmjs.org/trim-right-x/-/trim-right-x-1.3.3.tgz",
      "integrity": "sha1-r/phnp53el74nD5e2wQjGZwY25g=",
      "requires": {
        "to-string-x": "https://registry.npmjs.org/to-string-x/-/to-string-x-1.4.1.tgz",
        "white-space-x": "https://registry.npmjs.org/white-space-x/-/white-space-x-2.0.3.tgz"
      }
    },
    "trim-x": {
      "version": "https://registry.npmjs.org/trim-x/-/trim-x-1.0.3.tgz",
      "integrity": "sha1-shPYFva0q9KDPL6YKf1Q6UNFykI=",
      "requires": {
        "trim-left-x": "https://registry.npmjs.org/trim-left-x/-/trim-left-x-1.3.5.tgz",
        "trim-right-x": "https://registry.npmjs.org/trim-right-x/-/trim-right-x-1.3.3.tgz"
      }
    },
    "tunnel-agent": {
      "version": "https://registry.npmjs.org/tunnel-agent/-/tunnel-agent-0.6.0.tgz",
      "integrity": "sha1-J6XeoGs2sEoKmWZ3SykIaPD8QP0=",
      "requires": {
        "safe-buffer": "https://registry.npmjs.org/safe-buffer/-/safe-buffer-5.1.1.tgz"
      }
    },
    "tweetnacl": {
      "version": "https://registry.npmjs.org/tweetnacl/-/tweetnacl-0.14.5.tgz",
      "integrity": "sha1-WuaBd/GS1EViadEIr6k/+HQ/T2Q=",
      "optional": true
    },
    "twit": {
      "version": "https://registry.npmjs.org/twit/-/twit-2.2.9.tgz",
      "integrity": "sha1-ZxBXT4FkHaoDeWobS457eNPXVnY=",
      "requires": {
        "bluebird": "https://registry.npmjs.org/bluebird/-/bluebird-3.5.0.tgz",
        "mime": "https://registry.npmjs.org/mime/-/mime-1.4.0.tgz",
        "request": "https://registry.npmjs.org/request/-/request-2.81.0.tgz"
      }
    },
    "typedarray-to-buffer": {
      "version": "https://registry.npmjs.org/typedarray-to-buffer/-/typedarray-to-buffer-3.1.2.tgz",
      "integrity": "sha1-EBezLZhP9VbroQD1AViauhrOLgQ=",
      "requires": {
        "is-typedarray": "https://registry.npmjs.org/is-typedarray/-/is-typedarray-1.0.0.tgz"
      }
    },
    "uuid": {
      "version": "https://registry.npmjs.org/uuid/-/uuid-3.1.0.tgz",
      "integrity": "sha1-PdPT55Crwk17DToDT/q6vijrvAQ="
    },
    "validate.io-undefined": {
      "version": "https://registry.npmjs.org/validate.io-undefined/-/validate.io-undefined-1.0.3.tgz",
      "integrity": "sha1-fif8uzFbhB54JDQxiXZxkp4gt/Q="
    },
    "vcap_services": {
      "version": "https://registry.npmjs.org/vcap_services/-/vcap_services-0.3.4.tgz",
      "integrity": "sha1-FUv5QEAlEqzKI98iY/xg72aEWto="
    },
    "verror": {
      "version": "https://registry.npmjs.org/verror/-/verror-1.10.0.tgz",
      "integrity": "sha1-OhBcoXBTr1XW4nDB+CiGguGNpAA=",
      "requires": {
        "assert-plus": "https://registry.npmjs.org/assert-plus/-/assert-plus-1.0.0.tgz",
        "core-util-is": "https://registry.npmjs.org/core-util-is/-/core-util-is-1.0.2.tgz",
        "extsprintf": "https://registry.npmjs.org/extsprintf/-/extsprintf-1.3.0.tgz"
      },
      "dependencies": {
        "assert-plus": {
          "version": "https://registry.npmjs.org/assert-plus/-/assert-plus-1.0.0.tgz",
          "integrity": "sha1-8S4PPF13sLHN2RRpQuTpbB5N1SU="
        }
      }
    },
    "watson-developer-cloud": {
      "version": "https://registry.npmjs.org/watson-developer-cloud/-/watson-developer-cloud-2.39.0.tgz",
      "integrity": "sha1-ZNufx+8YIOGtecVqEYXhkjYGqkI=",
      "requires": {
        "async": "https://registry.npmjs.org/async/-/async-2.5.0.tgz",
        "buffer-from": "https://registry.npmjs.org/buffer-from/-/buffer-from-0.1.1.tgz",
        "cookie": "https://registry.npmjs.org/cookie/-/cookie-0.3.1.tgz",
        "csv-stringify": "https://registry.npmjs.org/csv-stringify/-/csv-stringify-1.0.4.tgz",
        "extend": "https://registry.npmjs.org/extend/-/extend-3.0.1.tgz",
        "isstream": "https://registry.npmjs.org/isstream/-/isstream-0.1.2.tgz",
        "object.omit": "https://registry.npmjs.org/object.omit/-/object.omit-2.0.1.tgz",
        "object.pick": "https://registry.npmjs.org/object.pick/-/object.pick-1.2.0.tgz",
        "request": "https://registry.npmjs.org/request/-/request-2.81.0.tgz",
        "solr-client": "https://registry.npmjs.org/solr-client/-/solr-client-0.7.0.tgz",
        "string": "https://registry.npmjs.org/string/-/string-3.3.3.tgz",
        "vcap_services": "https://registry.npmjs.org/vcap_services/-/vcap_services-0.3.4.tgz",
        "websocket": "https://registry.npmjs.org/websocket/-/websocket-1.0.24.tgz"
      }
    },
    "websocket": {
      "version": "https://registry.npmjs.org/websocket/-/websocket-1.0.24.tgz",
      "integrity": "sha1-dJA+dfJUW2suHeFCW8HJBZF6GJA=",
      "requires": {
        "debug": "https://registry.npmjs.org/debug/-/debug-2.6.8.tgz",
        "nan": "https://registry.npmjs.org/nan/-/nan-2.7.0.tgz",
        "typedarray-to-buffer": "https://registry.npmjs.org/typedarray-to-buffer/-/typedarray-to-buffer-3.1.2.tgz",
        "yaeti": "https://registry.npmjs.org/yaeti/-/yaeti-0.0.6.tgz"
      }
    },
    "white-space-x": {
      "version": "https://registry.npmjs.org/white-space-x/-/white-space-x-2.0.3.tgz",
      "integrity": "sha1-2K8qVOLhb3ir5f8YEdXp1BkMYNY="
    },
    "yaeti": {
      "version": "https://registry.npmjs.org/yaeti/-/yaeti-0.0.6.tgz",
      "integrity": "sha1-8m9ITXJoTPQr7ft2lwqhYI+/lXc="
    }
  }
}
